
Microsoft Visual Studio Solution File, Format Version 12.00
# Visual Studio Version 16
VisualStudioVersion = 16.0.32413.511
MinimumVisualStudioVersion = 10.0.40219.1
Project("{8BC9CEB8-8B4A-11D0-8D11-00A0C91BC942}") = "opengl_cpp_pro", "opengl_cpp_pro.vcxproj", "{A23A58E7-B42E-4908-AC9B-7D63C11B43F0}"
EndProject
Global
	GlobalSection(SolutionConfigurationPlatforms) = preSolution
		Debug|x64 = Debug|x64
		Debug|x86 = Debug|x86
		Release|x64 = Release|x64
		Release|x86 = Release|x86
	EndGlobalSection
	GlobalSection(ProjectConfigurationPlatforms) = postSolution
		{A23A58E7-B42E-4908-AC9B-7D63C11B43F0}.Debug|x64.ActiveCfg = Debug|x64
		{A23A58E7-B42E-4908-AC9B-7D63C11B43F0}.Debug|x64.Build.0 = Debug|x64
		{A23A58E7-B42E-4908-AC9B-7D63C11B43F0}.Debug|x86.ActiveCfg = Debug|Win32
		{A23A58E7-B42E-4908-AC9B-7D63C11B43F0}.Debug|x86.Build.0 = Debug|Win32
		{A23A58E7-B42E-4908-AC9B-7D63C11B43F0}.Release|x64.ActiveCfg = Release|x64
		{A23A58E7-B42E-4908-AC9B-7D63C11B43F0}.Release|x64.Build.0 = Release|x64
		{A23A58E7-B42E-4908-AC9B-7D63C11B43F0}.Release|x86.ActiveCfg = Release|Win32
		{A23A58E7-B42E-4908-AC9B-7D63C11B43F0}.Release|x86.Build.0 = Release|Win32
	EndGlobalSection
	GlobalSection(SolutionProperties) = preSolution
		HideSolutionNode = FALSE
	EndGlobalSection
	GlobalSection(ExtensibilityGlobals) = postSolution
		SolutionGuid = {380641F4-0CE5-4A22-9F1A-FE9F85753613}
	EndGlobalSection
EndGlobal
